// !$*UTF8*$!
{
	archiveVersion = 1;
	classes = {
	};
	objectVersion = 46;
	objects = {

/* Begin PBXBuildFile section */
		C788F1991B8F53F3006A8CB9 /* settingIcon.png in Resources */ = {isa = PBXBuildFile; fileRef = C788F1981B8F53F3006A8CB9 /* settingIcon.png */; };
		C788F19D1B8F579D006A8CB9 /* anothericon.png in Resources */ = {isa = PBXBuildFile; fileRef = C788F19C1B8F579D006A8CB9 /* anothericon.png */; };
		C788F1A01B8F58E5006A8CB9 /* SettingViewController.m in Sources */ = {isa = PBXBuildFile; fileRef = C788F19F1B8F58E5006A8CB9 /* SettingViewController.m */; };
		C788F1AA1B8F6B26006A8CB9 /* MaybeIcon.png in Resources */ = {isa = PBXBuildFile; fileRef = C788F1A91B8F6B26006A8CB9 /* MaybeIcon.png */; };
		C7AC51941B86176F00AE3995 /* main.m in Sources */ = {isa = PBXBuildFile; fileRef = C7AC51931B86176F00AE3995 /* main.m */; };
		C7AC51971B86176F00AE3995 /* AppDelegate.m in Sources */ = {isa = PBXBuildFile; fileRef = C7AC51961B86176F00AE3995 /* AppDelegate.m */; };
		C7AC519A1B86176F00AE3995 /* ViewController.m in Sources */ = {isa = PBXBuildFile; fileRef = C7AC51991B86176F00AE3995 /* ViewController.m */; };
		C7AC519D1B86176F00AE3995 /* Main.storyboard in Resources */ = {isa = PBXBuildFile; fileRef = C7AC519B1B86176F00AE3995 /* Main.storyboard */; };
		C7AC519F1B86176F00AE3995 /* Assets.xcassets in Resources */ = {isa = PBXBuildFile; fileRef = C7AC519E1B86176F00AE3995 /* Assets.xcassets */; };
		C7AC51A21B86176F00AE3995 /* LaunchScreen.storyboard in Resources */ = {isa = PBXBuildFile; fileRef = C7AC51A01B86176F00AE3995 /* LaunchScreen.storyboard */; };
		C7AC51AD1B86176F00AE3995 /* ImproviseTests.m in Sources */ = {isa = PBXBuildFile; fileRef = C7AC51AC1B86176F00AE3995 /* ImproviseTests.m */; };
		C7E7A5531B9CCD7E0093D4F7 /* DifferentColors.m in Sources */ = {isa = PBXBuildFile; fileRef = C7E7A5521B9CCD7E0093D4F7 /* DifferentColors.m */; };
/* End PBXBuildFile section */

/* Begin PBXContainerItemProxy section */
		C7AC51A91B86176F00AE3995 /* PBXContainerItemProxy */ = {
			isa = PBXContainerItemProxy;
			containerPortal = C7AC51871B86176F00AE3995 /* Project object */;
			proxyType = 1;
			remoteGlobalIDString = C7AC518E1B86176F00AE3995;
			remoteInfo = Improvise;
		};
/* End PBXContainerItemProxy section */

/* Begin PBXFileReference section */
		C788F1981B8F53F3006A8CB9 /* settingIcon.png */ = {isa = PBXFileReference; lastKnownFileType = image.png; path = settingIcon.png; sourceTree = "<group>"; };
		C788F19C1B8F579D006A8CB9 /* anothericon.png */ = {isa = PBXFileReference; lastKnownFileType = image.png; path = anothericon.png; sourceTree = "<group>"; };
		C788F19E1B8F58E5006A8CB9 /* SettingViewController.h */ = {isa = PBXFileReference; fileEncoding = 4; lastKnownFileType = sourcecode.c.h; path = SettingViewController.h; sourceTree = "<group>"; };
		C788F19F1B8F58E5006A8CB9 /* SettingViewController.m */ = {isa = PBXFileReference; fileEncoding = 4; lastKnownFileType = sourcecode.c.objc; path = SettingViewController.m; sourceTree = "<group>"; };
		C788F1A91B8F6B26006A8CB9 /* MaybeIcon.png */ = {isa = PBXFileReference; lastKnownFileType = image.png; path = MaybeIcon.png; sourceTree = "<group>"; };
		C7AC518F1B86176F00AE3995 /* Improvise.app */ = {isa = PBXFileReference; explicitFileType = wrapper.application; includeInIndex = 0; path = Improvise.app; sourceTree = BUILT_PRODUCTS_DIR; };
		C7AC51931B86176F00AE3995 /* main.m */ = {isa = PBXFileReference; lastKnownFileType = sourcecode.c.objc; path = main.m; sourceTree = "<group>"; };
		C7AC51951B86176F00AE3995 /* AppDelegate.h */ = {isa = PBXFileReference; lastKnownFileType = sourcecode.c.h; path = AppDelegate.h; sourceTree = "<group>"; };
		C7AC51961B86176F00AE3995 /* AppDelegate.m */ = {isa = PBXFileReference; lastKnownFileType = sourcecode.c.objc; path = AppDelegate.m; sourceTree = "<group>"; };
		C7AC51981B86176F00AE3995 /* ViewController.h */ = {isa = PBXFileReference; lastKnownFileType = sourcecode.c.h; path = ViewController.h; sourceTree = "<group>"; };
		C7AC51991B86176F00AE3995 /* ViewController.m */ = {isa = PBXFileReference; lastKnownFileType = sourcecode.c.objc; path = ViewController.m; sourceTree = "<group>"; };
		C7AC519C1B86176F00AE3995 /* Base */ = {isa = PBXFileReference; lastKnownFileType = file.storyboard; name = Base; path = Base.lproj/Main.storyboard; sourceTree = "<group>"; };
		C7AC519E1B86176F00AE3995 /* Assets.xcassets */ = {isa = PBXFileReference; lastKnownFileType = folder.assetcatalog; path = Assets.xcassets; sourceTree = "<group>"; };
		C7AC51A11B86176F00AE3995 /* Base */ = {isa = PBXFileReference; lastKnownFileType = file.storyboard; name = Base; path = Base.lproj/LaunchScreen.storyboard; sourceTree = "<group>"; };
		C7AC51A31B86176F00AE3995 /* Info.plist */ = {isa = PBXFileReference; lastKnownFileType = text.plist.xml; path = Info.plist; sourceTree = "<group>"; };
		C7AC51A81B86176F00AE3995 /* ImproviseTests.xctest */ = {isa = PBXFileReference; explicitFileType = wrapper.cfbundle; includeInIndex = 0; path = ImproviseTests.xctest; sourceTree = BUILT_PRODUCTS_DIR; };
		C7AC51AC1B86176F00AE3995 /* ImproviseTests.m */ = {isa = PBXFileReference; lastKnownFileType = sourcecode.c.objc; path = ImproviseTests.m; sourceTree = "<group>"; };
		C7AC51AE1B86176F00AE3995 /* Info.plist */ = {isa = PBXFileReference; lastKnownFileType = text.plist.xml; path = Info.plist; sourceTree = "<group>"; };
		C7E7A5511B9CCD7E0093D4F7 /* DifferentColors.h */ = {isa = PBXFileReference; fileEncoding = 4; lastKnownFileType = sourcecode.c.h; path = DifferentColors.h; sourceTree = "<group>"; };
		C7E7A5521B9CCD7E0093D4F7 /* DifferentColors.m */ = {isa = PBXFileReference; fileEncoding = 4; lastKnownFileType = sourcecode.c.objc; path = DifferentColors.m; sourceTree = "<group>"; };
/* End PBXFileReference section */

/* Begin PBXFrameworksBuildPhase section */
		C7AC518C1B86176F00AE3995 /* Frameworks */ = {
			isa = PBXFrameworksBuildPhase;
			buildActionMask = 2147483647;
			files = (
			);
			runOnlyForDeploymentPostprocessing = 0;
		};
		C7AC51A51B86176F00AE3995 /* Frameworks */ = {
			isa = PBXFrameworksBuildPhase;
			buildActionMask = 2147483647;
			files = (
			);
			runOnlyForDeploymentPostprocessing = 0;
		};
/* End PBXFrameworksBuildPhase section */

/* Begin PBXGroup section */
		C7AC51861B86176F00AE3995 = {
			isa = PBXGroup;
			children = (
				C7AC51911B86176F00AE3995 /* Improvise */,
				C7AC51AB1B86176F00AE3995 /* ImproviseTests */,
				C7AC51901B86176F00AE3995 /* Products */,
			);
			sourceTree = "<group>";
		};
		C7AC51901B86176F00AE3995 /* Products */ = {
			isa = PBXGroup;
			children = (
				C7AC518F1B86176F00AE3995 /* Improvise.app */,
				C7AC51A81B86176F00AE3995 /* ImproviseTests.xctest */,
			);
			name = Products;
			sourceTree = "<group>";
		};
		C7AC51911B86176F00AE3995 /* Improvise */ = {
			isa = PBXGroup;
			children = (
				C7AC51961B86176F00AE3995 /* AppDelegate.m */,
				C7AC51951B86176F00AE3995 /* AppDelegate.h */,
				C7AC51991B86176F00AE3995 /* ViewController.m */,
				C7AC51981B86176F00AE3995 /* ViewController.h */,
				C788F19F1B8F58E5006A8CB9 /* SettingViewController.m */,
				C788F19E1B8F58E5006A8CB9 /* SettingViewController.h */,
				C7E7A5521B9CCD7E0093D4F7 /* DifferentColors.m */,
				C7E7A5511B9CCD7E0093D4F7 /* DifferentColors.h */,
				C7AC519B1B86176F00AE3995 /* Main.storyboard */,
				C7AC519E1B86176F00AE3995 /* Assets.xcassets */,
				C7AC51A01B86176F00AE3995 /* LaunchScreen.storyboard */,
				C7AC51A31B86176F00AE3995 /* Info.plist */,
				C7AC51921B86176F00AE3995 /* Supporting Files */,
			);
			path = Improvise;
			sourceTree = "<group>";
		};
		C7AC51921B86176F00AE3995 /* Supporting Files */ = {
			isa = PBXGroup;
			children = (
				C788F1A91B8F6B26006A8CB9 /* MaybeIcon.png */,
				C788F19C1B8F579D006A8CB9 /* anothericon.png */,
				C788F1981B8F53F3006A8CB9 /* settingIcon.png */,
				C7AC51931B86176F00AE3995 /* main.m */,
			);
			name = "Supporting Files";
			sourceTree = "<group>";
		};
		C7AC51AB1B86176F00AE3995 /* ImproviseTests */ = {
			isa = PBXGroup;
			children = (
				C7AC51AC1B86176F00AE3995 /* ImproviseTests.m */,
				C7AC51AE1B86176F00AE3995 /* Info.plist */,
			);
			path = ImproviseTests;
			sourceTree = "<group>";
		};
/* End PBXGroup section */

/* Begin PBXNativeTarget section */
		C7AC518E1B86176F00AE3995 /* Improvise */ = {
			isa = PBXNativeTarget;
			buildConfigurationList = C7AC51B11B86176F00AE3995 /* Build configuration list for PBXNativeTarget "Improvise" */;
			buildPhases = (
				C7AC518B1B86176F00AE3995 /* Sources */,
				C7AC518C1B86176F00AE3995 /* Frameworks */,
				C7AC518D1B86176F00AE3995 /* Resources */,
			);
			buildRules = (
			);
			dependencies = (
			);
			name = Improvise;
			productName = Improvise;
			productReference = C7AC518F1B86176F00AE3995 /* Improvise.app */;
			productType = "com.apple.product-type.application";
		};
		C7AC51A71B86176F00AE3995 /* ImproviseTests */ = {
			isa = PBXNativeTarget;
			buildConfigurationList = C7AC51B41B86176F00AE3995 /* Build configuration list for PBXNativeTarget "ImproviseTests" */;
			buildPhases = (
				C7AC51A41B86176F00AE3995 /* Sources */,
				C7AC51A51B86176F00AE3995 /* Frameworks */,
				C7AC51A61B86176F00AE3995 /* Resources */,
			);
			buildRules = (
			);
			dependencies = (
				C7AC51AA1B86176F00AE3995 /* PBXTargetDependency */,
			);
			name = ImproviseTests;
			productName = ImproviseTests;
			productReference = C7AC51A81B86176F00AE3995 /* ImproviseTests.xctest */;
			productType = "com.apple.product-type.bundle.unit-test";
		};
/* End PBXNativeTarget section */

/* Begin PBXProject section */
		C7AC51871B86176F00AE3995 /* Project object */ = {
			isa = PBXProject;
			attributes = {
				LastUpgradeCheck = 0700;
				ORGANIZATIONNAME = Stead_Company;
				TargetAttributes = {
					C7AC518E1B86176F00AE3995 = {
						CreatedOnToolsVersion = 7.0;
						DevelopmentTeam = 982E46E4T5;
					};
					C7AC51A71B86176F00AE3995 = {
						CreatedOnToolsVersion = 7.0;
						TestTargetID = C7AC518E1B86176F00AE3995;
					};
				};
			};
			buildConfigurationList = C7AC518A1B86176F00AE3995 /* Build configuration list for PBXProject "Improvise" */;
			compatibilityVersion = "Xcode 3.2";
			developmentRegion = English;
			hasScannedForEncodings = 0;
			knownRegions = (
				en,
				Base,
			);
			mainGroup = C7AC51861B86176F00AE3995;
			productRefGroup = C7AC51901B86176F00AE3995 /* Products */;
			projectDirPath = "";
			projectRoot = "";
			targets = (
				C7AC518E1B86176F00AE3995 /* Improvise */,
				C7AC51A71B86176F00AE3995 /* ImproviseTests */,
			);
		};
/* End PBXProject section */

/* Begin PBXResourcesBuildPhase section */
		C7AC518D1B86176F00AE3995 /* Resources */ = {
			isa = PBXResourcesBuildPhase;
			buildActionMask = 2147483647;
			files = (
				C7AC51A21B86176F00AE3995 /* LaunchScreen.storyboard in Resources */,
				C788F1AA1B8F6B26006A8CB9 /* MaybeIcon.png in Resources */,
				C788F1991B8F53F3006A8CB9 /* settingIcon.png in Resources */,
				C788F19D1B8F579D006A8CB9 /* anothericon.png in Resources */,
				C7AC519F1B86176F00AE3995 /* Assets.xcassets in Resources */,
				C7AC519D1B86176F00AE3995 /* Main.storyboard in Resources */,
			);
			runOnlyForDeploymentPostprocessing = 0;
		};
		C7AC51A61B86176F00AE3995 /* Resources */ = {
			isa = PBXResourcesBuildPhase;
			buildActionMask = 2147483647;
			files = (
			);
			runOnlyForDeploymentPostprocessing = 0;
		};
/* End PBXResourcesBuildPhase section */

/* Begin PBXSourcesBuildPhase section */
		C7AC518B1B86176F00AE3995 /* Sources */ = {
			isa = PBXSourcesBuildPhase;
			buildActionMask = 2147483647;
			files = (
				C7AC519A1B86176F00AE3995 /* ViewController.m in Sources */,
				C7AC51971B86176F00AE3995 /* AppDelegate.m in Sources */,
				C7E7A5531B9CCD7E0093D4F7 /* DifferentColors.m in Sources */,
				C7AC51941B86176F00AE3995 /* main.m in Sources */,
				C788F1A01B8F58E5006A8CB9 /* SettingViewController.m in Sources */,
			);
			runOnlyForDeploymentPostprocessing = 0;
		};
		C7AC51A41B86176F00AE3995 /* Sources */ = {
			isa = PBXSourcesBuildPhase;
			buildActionMask = 2147483647;
			files = (
				C7AC51AD1B86176F00AE3995 /* ImproviseTests.m in Sources */,
			);
			runOnlyForDeploymentPostprocessing = 0;
		};
/* End PBXSourcesBuildPhase section */

/* Begin PBXTargetDependency section */
		C7AC51AA1B86176F00AE3995 /* PBXTargetDependency */ = {
			isa = PBXTargetDependency;
			target = C7AC518E1B86176F00AE3995 /* Improvise */;
			targetProxy = C7AC51A91B86176F00AE3995 /* PBXContainerItemProxy */;
		};
/* End PBXTargetDependency section */

/* Begin PBXVariantGroup section */
		C7AC519B1B86176F00AE3995 /* Main.storyboard */ = {
			isa = PBXVariantGroup;
			children = (
				C7AC519C1B86176F00AE3995 /* Base */,
			);
			name = Main.storyboard;
			sourceTree = "<group>";
		};
		C7AC51A01B86176F00AE3995 /* LaunchScreen.storyboard */ = {
			isa = PBXVariantGroup;
			children = (
				C7AC51A11B86176F00AE3995 /* Base */,
			);
			name = LaunchScreen.storyboard;
			sourceTree = "<group>";
		};
/* End PBXVariantGroup section */

/* Begin XCBuildConfiguration section */
		C7AC51AF1B86176F00AE3995 /* Debug */ = {
			isa = XCBuildConfiguration;
			buildSettings = {
				ALWAYS_SEARCH_USER_PATHS = NO;
				CLANG_CXX_LANGUAGE_STANDARD = "gnu++0x";
				CLANG_CXX_LIBRARY = "libc++";
				CLANG_ENABLE_MODULES = YES;
				CLANG_ENABLE_OBJC_ARC = YES;
				CLANG_WARN_BOOL_CONVERSION = YES;
				CLANG_WARN_CONSTANT_CONVERSION = YES;
				CLANG_WARN_DIRECT_OBJC_ISA_USAGE = YES_ERROR;
				CLANG_WARN_EMPTY_BODY = YES;
				CLANG_WARN_ENUM_CONVERSION = YES;
				CLANG_WARN_INT_CONVERSION = YES;
				CLANG_WARN_OBJC_ROOT_CLASS = YES_ERROR;
				CLANG_WARN_UNREACHABLE_CODE = YES;
				CLANG_WARN__DUPLICATE_METHOD_MATCH = YES;
				"CODE_SIGN_IDENTITY[sdk=iphoneos*]" = "iPhone Developer";
				COPY_PHASE_STRIP = NO;
				DEBUG_INFORMATION_FORMAT = dwarf;
				ENABLE_STRICT_OBJC_MSGSEND = YES;
				ENABLE_TESTABILITY = YES;
				GCC_C_LANGUAGE_STANDARD = gnu99;
				GCC_DYNAMIC_NO_PIC = NO;
				GCC_NO_COMMON_BLOCKS = YES;
				GCC_OPTIMIZATION_LEVEL = 0;
				GCC_PREPROCESSOR_DEFINITIONS = (
					"DEBUG=1",
					"$(inherited)",
				);
				GCC_WARN_64_TO_32_BIT_CONVERSION = YES;
				GCC_WARN_ABOUT_RETURN_TYPE = YES_ERROR;
				GCC_WARN_UNDECLARED_SELECTOR = YES;
				GCC_WARN_UNINITIALIZED_AUTOS = YES_AGGRESSIVE;
				GCC_WARN_UNUSED_FUNCTION = YES;
				GCC_WARN_UNUSED_VARIABLE = YES;
				IPHONEOS_DEPLOYMENT_TARGET = 9.0;
				MTL_ENABLE_DEBUG_INFO = YES;
				ONLY_ACTIVE_ARCH = YES;
				SDKROOT = iphoneos;
				TARGETED_DEVICE_FAMILY = "1,2";
			};
			name = Debug;
		};
		C7AC51B01B86176F00AE3995 /* Release */ = {
			isa = XCBuildConfiguration;
			buildSettings = {
				ALWAYS_SEARCH_USER_PATHS = NO;
				CLANG_CXX_LANGUAGE_STANDARD = "gnu++0x";
				CLANG_CXX_LIBRARY = "libc++";
				CLANG_ENABLE_MODULES = YES;
				CLANG_ENABLE_OBJC_ARC = YES;
				CLANG_WARN_BOOL_CONVERSION = YES;
				CLANG_WARN_CONSTANT_CONVERSION = YES;
				CLANG_WARN_DIRECT_OBJC_ISA_USAGE = YES_ERROR;
				CLANG_WARN_EMPTY_BODY = YES;
				CLANG_WARN_ENUM_CONVERSION = YES;
				CLANG_WARN_INT_CONVERSION = YES;
				CLANG_WARN_OBJC_ROOT_CLASS = YES_ERROR;
				CLANG_WARN_UNREACHABLE_CODE = YES;
				CLANG_WARN__DUPLICATE_METHOD_MATCH = YES;
				"CODE_SIGN_IDENTITY[sdk=iphoneos*]" = "iPhone Developer";
				COPY_PHASE_STRIP = NO;
				DEBUG_INFORMATION_FORMAT = "dwarf-with-dsym";
				ENABLE_NS_ASSERTIONS = NO;
				ENABLE_STRICT_OBJC_MSGSEND = YES;
				GCC_C_LANGUAGE_STANDARD = gnu99;
				GCC_NO_COMMON_BLOCKS = YES;
				GCC_WARN_64_TO_32_BIT_CONVERSION = YES;
				GCC_WARN_ABOUT_RETURN_TYPE = YES_ERROR;
				GCC_WARN_UNDECLARED_SELECTOR = YES;
				GCC_WARN_UNINITIALIZED_AUTOS = YES_AGGRESSIVE;
				GCC_WARN_UNUSED_FUNCTION = YES;
				GCC_WARN_UNUSED_VARIABLE = YES;
				IPHONEOS_DEPLOYMENT_TARGET = 9.0;
				MTL_ENABLE_DEBUG_INFO = NO;
				SDKROOT = iphoneos;
				TARGETED_DEVICE_FAMILY = "1,2";
				VALIDATE_PRODUCT = YES;
			};
			name = Release;
		};
		C7AC51B21B86176F00AE3995 /* Debug */ = {
			isa = XCBuildConfiguration;
			buildSettings = {
				ASSETCATALOG_COMPILER_APPICON_NAME = AppIcon;
				CODE_SIGN_IDENTITY = "iPhone Developer";
				INFOPLIST_FILE = Improvise/Info.plist;
				IPHONEOS_DEPLOYMENT_TARGET = 8.4;
				LD_RUNPATH_SEARCH_PATHS = "$(inherited) @executable_path/Frameworks";
				PRODUCT_BUNDLE_IDENTIFIER = com.Stead.Improvise;
				PRODUCT_NAME = "$(TARGET_NAME)";
			};
			name = Debug;
		};
		C7AC51B31B86176F00AE3995 /* Release */ = {
			isa = XCBuildConfiguration;
			buildSettings = {
				ASSETCATALOG_COMPILER_APPICON_NAME = AppIcon;
				CODE_SIGN_IDENTITY = "iPhone Developer";
				INFOPLIST_FILE = Improvise/Info.plist;
				IPHONEOS_DEPLOYMENT_TARGET = 8.4;
				LD_RUNPATH_SEARCH_PATHS = "$(inherited) @executable_path/Frameworks";
				PRODUCT_BUNDLE_IDENTIFIER = com.Stead.Improvise;
				PRODUCT_NAME = "$(TARGET_NAME)";
			};
			name = Release;
		};
		C7AC51B51B86176F00AE3995 /* Debug */ = {
			isa = XCBuildConfiguration;
			buildSettings = {
				BUNDLE_LOADER = "$(TEST_HOST)";
				INFOPLIST_FILE = ImproviseTests/Info.plist;
				LD_RUNPATH_SEARCH_PATHS = "$(inherited) @executable_path/Frameworks @loader_path/Frameworks";
				PRODUCT_BUNDLE_IDENTIFIER = com.Stead.ImproviseTests;
				PRODUCT_NAME = "$(TARGET_NAME)";
				TEST_HOST = "$(BUILT_PRODUCTS_DIR)/Improvise.app/Improvise";
			};
			name = Debug;
		};
		C7AC51B61B86176F00AE3995 /* Release */ = {
			isa = XCBuildConfiguration;
			buildSettings = {
				BUNDLE_LOADER = "$(TEST_HOST)";
				INFOPLIST_FILE = ImproviseTests/Info.plist;
				LD_RUNPATH_SEARCH_PATHS = "$(inherited) @executable_path/Frameworks @loader_path/Frameworks";
				PRODUCT_BUNDLE_IDENTIFIER = com.Stead.ImproviseTests;
				PRODUCT_NAME = "$(TARGET_NAME)";
				TEST_HOST = "$(BUILT_PRODUCTS_DIR)/Improvise.app/Improvise";
			};
			name = Release;
		};
/* End XCBuildConfiguration section */

/* Begin XCConfigurationList section */
		C7AC518A1B86176F00AE3995 /* Build configuration list for PBXProject "Improvise" */ = {
			isa = XCConfigurationList;
			buildConfigurations = (
				C7AC51AF1B86176F00AE3995 /* Debug */,
				C7AC51B01B86176F00AE3995 /* Release */,
			);
			defaultConfigurationIsVisible = 0;
			defaultConfigurationName = Release;
		};
		C7AC51B11B86176F00AE3995 /* Build configuration list for PBXNativeTarget "Improvise" */ = {
			isa = XCConfigurationList;
			buildConfigurations = (
				C7AC51B21B86176F00AE3995 /* Debug */,
				C7AC51B31B86176F00AE3995 /* Release */,
			);
			defaultConfigurationIsVisible = 0;
			defaultConfigurationName = Release;
		};
		C7AC51B41B86176F00AE3995 /* Build configuration list for PBXNativeTarget "ImproviseTests" */ = {
			isa = XCConfigurationList;
			buildConfigurations = (
				C7AC51B51B86176F00AE3995 /* Debug */,
				C7AC51B61B86176F00AE3995 /* Release */,
			);
			defaultConfigurationIsVisible = 0;
			defaultConfigurationName = Release;
		};
/* End XCConfigurationList section */
	};
	rootObject = C7AC51871B86176F00AE3995 /* Project object */;
}
